<?xml version="1.0" encoding="utf-8"?>
<Project ToolsVersion="4.0" xmlns="http://schemas.microsoft.com/developer/msbuild/2003">
  <ItemGroup>
    <ClInclude Include="vendor\stb_image\stb_image.h" />
    <ClInclude Include="shader\Shader.hpp" />
    <ClInclude Include="shader\ShaderComponent.hpp" />
    <ClInclude Include="event\Event.hpp" />
    <ClInclude Include="event\EventType.hpp" />
    <ClInclude Include="Application.hpp" />
    <ClInclude Include="Breadoggo.hpp" />
    <ClInclude Include="event\MouseMoveEvent.hpp" />
    <ClInclude Include="event\KeyPressedEvent.hpp" />
    <ClInclude Include="rendering\Glyph.hpp" />
    <ClInclude Include="rendering\Font.hpp" />
    <ClInclude Include="rendering\Renderer.hpp" />
    <ClInclude Include="rendering\Vertex.hpp" />
    <ClInclude Include="rendering\Texture.hpp" />
    <ClInclude Include="scene\Camera.hpp" />
    <ClInclude Include="scene\Entity.hpp" />
    <ClInclude Include="networking\Message.hpp" />
    <ClInclude Include="networking\Client.hpp" />
    <ClInclude Include="audio\AudioContext.hpp" />
    <ClInclude Include="audio\AudioListener.hpp" />
    <ClInclude Include="audio\AudioSource.hpp" />
    <ClInclude Include="event\EventListener.hpp" />
    <ClInclude Include="event\EventDispatcher.hpp" />
    <ClInclude Include="SimpleClient.hpp" />
    <ClInclude Include="rendering\Window.hpp" />
  </ItemGroup>
  <ItemGroup>
    <ClCompile Include="main.cpp" />
    <ClCompile Include="shader\Shader.cpp" />
    <ClCompile Include="shader\ShaderComponent.cpp" />
    <ClCompile Include="Application.cpp" />
    <ClCompile Include="Breadoggo.cpp" />
    <ClCompile Include="rendering\Font.cpp" />
    <ClCompile Include="rendering\Renderer.cpp" />
    <ClCompile Include="rendering\Texture.cpp" />
    <ClCompile Include="scene\Camera.cpp" />
    <ClCompile Include="scene\Entity.cpp" />
    <ClCompile Include="networking\Client.cpp" />
    <ClCompile Include="rendering\stb_image.cpp" />
    <ClCompile Include="audio\AudioContext.cpp" />
    <ClCompile Include="audio\AudioSource.cpp" />
    <ClCompile Include="event\EventDispatcher.cpp" />
    <ClCompile Include="rendering\Window.cpp" />
    <ClCompile Include="SimpleClient.cpp" />
  </ItemGroup>
</Project>