<?xml version="1.0" encoding="utf-8"?>
<Project ToolsVersion="4.0" xmlns="http://schemas.microsoft.com/developer/msbuild/2003">
  <ItemGroup>
    <ClInclude Include="Buffer.hpp" />
    <ClInclude Include="Quad.hpp" />
    <ClInclude Include="Renderer.hpp" />
    <ClInclude Include="Texture.hpp" />
    <ClInclude Include="VertexArray.hpp" />
    <ClInclude Include="VertexBufferLayout.hpp" />
    <ClInclude Include="vendor\imgui\imconfig.h" />
    <ClInclude Include="vendor\imgui\imgui.h" />
    <ClInclude Include="vendor\imgui\imgui_impl_glfw.h" />
    <ClInclude Include="vendor\imgui\imgui_impl_opengl3.h" />
    <ClInclude Include="vendor\imgui\imgui_internal.h" />
    <ClInclude Include="vendor\imgui\imstb_rectpack.h" />
    <ClInclude Include="vendor\imgui\imstb_textedit.h" />
    <ClInclude Include="vendor\imgui\imstb_truetype.h" />
    <ClInclude Include="vendor\stb_image\stb_image.h" />
    <ClInclude Include="shader\Shader.hpp" />
    <ClInclude Include="shader\ShaderComponent.hpp" />
    <ClInclude Include="SpriteSheet.hpp" />
    <ClInclude Include="InputHandler.hpp" />
    <ClInclude Include="game\Chessboard.hpp" />
    <ClInclude Include="game\Figure.hpp" />
  </ItemGroup>
  <ItemGroup>
    <ClCompile Include="main.cpp" />
    <ClCompile Include="Quad.cpp" />
    <ClCompile Include="Renderer.cpp" />
    <ClCompile Include="Texture.cpp" />
    <ClCompile Include="VertexArray.cpp" />
    <ClCompile Include="vendor\imgui\imgui.cpp" />
    <ClCompile Include="vendor\imgui\imgui_demo.cpp" />
    <ClCompile Include="vendor\imgui\imgui_draw.cpp" />
    <ClCompile Include="vendor\imgui\imgui_impl_glfw.cpp" />
    <ClCompile Include="vendor\imgui\imgui_impl_opengl3.cpp" />
    <ClCompile Include="vendor\imgui\imgui_widgets.cpp" />
    <ClCompile Include="vendor\stb_image\stb_image.cpp" />
    <ClCompile Include="Buffer.cpp" />
    <ClCompile Include="shader\Shader.cpp" />
    <ClCompile Include="shader\ShaderComponent.cpp" />
    <ClCompile Include="dependencies\glad\src\glad.c" />
    <ClCompile Include="SpriteSheet.cpp" />
    <ClCompile Include="game\Figure.cpp" />
    <ClCompile Include="game\Chessboard.cpp" />
  </ItemGroup>
</Project>